
Microsoft Visual Studio Solution File, Format Version 12.00
# Visual Studio Version 17
VisualStudioVersion = 17.4.33205.214
MinimumVisualStudioVersion = 10.0.40219.1
Project("{2150E333-8FDC-42A3-9474-1A3956D46DE8}") = "ASRBD-authentication", "ASRBD-authentication", "{F4068B94-1E1F-4218-90EF-EF243D04AD39}"
EndProject
Project("{2150E333-8FDC-42A3-9474-1A3956D46DE8}") = "Core", "Core", "{42161E55-B344-4E3D-B805-F3229216C842}"
EndProject
Project("{2150E333-8FDC-42A3-9474-1A3956D46DE8}") = "Host", "Host", "{D362AD83-F94C-4E42-9E28-2039D96E4C4B}"
EndProject
Project("{2150E333-8FDC-42A3-9474-1A3956D46DE8}") = "Infra", "Infra", "{ADD171E0-2DB5-4152-9103-63E20A21F10C}"
EndProject
Project("{9A19103F-16F7-4668-BE54-9A1E7A4F7556}") = "Domain", "Domain\Domain.csproj", "{AAED2B47-2D0B-4A74-A3EC-4752325FDB2C}"
EndProject
Project("{9A19103F-16F7-4668-BE54-9A1E7A4F7556}") = "Application", "Application\Application.csproj", "{70A89269-66A7-415A-8EE2-EEC263C17408}"
EndProject
Project("{9A19103F-16F7-4668-BE54-9A1E7A4F7556}") = "Infrastructure", "Infrastructure\Infrastructure.csproj", "{BC1ACBE2-5294-4A07-AF83-F54107FC86C4}"
EndProject
Project("{9A19103F-16F7-4668-BE54-9A1E7A4F7556}") = "WebApi", "WebApi\WebApi.csproj", "{F62A0251-85E2-4E4D-A009-0BF3F3FBCE9B}"
EndProject
Project("{2150E333-8FDC-42A3-9474-1A3956D46DE8}") = "ASRBD-gateway", "ASRBD-gateway", "{1CDB24F3-A667-400A-B1CD-20CAA368CE78}"
EndProject
Project("{9A19103F-16F7-4668-BE54-9A1E7A4F7556}") = "ApiGateway", "ApiGateway\ApiGateway.csproj", "{7F5D6C6D-0AF3-43D9-B51A-FF1F16A085A2}"
EndProject
Project("{2150E333-8FDC-42A3-9474-1A3956D46DE8}") = "ServiceTest", "ServiceTest", "{81310325-5E9C-45A9-9D61-4502303B90DA}"
EndProject
Project("{9A19103F-16F7-4668-BE54-9A1E7A4F7556}") = "Test-App", "Test-App\Test-App.csproj", "{6A17EFF7-1EBB-41B0-8EA4-D14D7FBA163A}"
EndProject
Project("{9A19103F-16F7-4668-BE54-9A1E7A4F7556}") = "SuliTest", "SuliTest\SuliTest.csproj", "{8FD0DA9B-66A8-43AB-B7B0-85C48735CEFA}"
EndProject
Project("{2150E333-8FDC-42A3-9474-1A3956D46DE8}") = "Cloud", "Cloud", "{01F9E10D-775F-4750-8CEE-66B33EF31653}"
	ProjectSection(SolutionItems) = preProject
		docker-compose.yml = docker-compose.yml
	EndProjectSection
EndProject
Global
	GlobalSection(SolutionConfigurationPlatforms) = preSolution
		Debug|Any CPU = Debug|Any CPU
		Release|Any CPU = Release|Any CPU
	EndGlobalSection
	GlobalSection(ProjectConfigurationPlatforms) = postSolution
		{AAED2B47-2D0B-4A74-A3EC-4752325FDB2C}.Debug|Any CPU.ActiveCfg = Debug|Any CPU
		{AAED2B47-2D0B-4A74-A3EC-4752325FDB2C}.Debug|Any CPU.Build.0 = Debug|Any CPU
		{AAED2B47-2D0B-4A74-A3EC-4752325FDB2C}.Release|Any CPU.ActiveCfg = Release|Any CPU
		{AAED2B47-2D0B-4A74-A3EC-4752325FDB2C}.Release|Any CPU.Build.0 = Release|Any CPU
		{70A89269-66A7-415A-8EE2-EEC263C17408}.Debug|Any CPU.ActiveCfg = Debug|Any CPU
		{70A89269-66A7-415A-8EE2-EEC263C17408}.Debug|Any CPU.Build.0 = Debug|Any CPU
		{70A89269-66A7-415A-8EE2-EEC263C17408}.Release|Any CPU.ActiveCfg = Release|Any CPU
		{70A89269-66A7-415A-8EE2-EEC263C17408}.Release|Any CPU.Build.0 = Release|Any CPU
		{BC1ACBE2-5294-4A07-AF83-F54107FC86C4}.Debug|Any CPU.ActiveCfg = Debug|Any CPU
		{BC1ACBE2-5294-4A07-AF83-F54107FC86C4}.Debug|Any CPU.Build.0 = Debug|Any CPU
		{BC1ACBE2-5294-4A07-AF83-F54107FC86C4}.Release|Any CPU.ActiveCfg = Release|Any CPU
		{BC1ACBE2-5294-4A07-AF83-F54107FC86C4}.Release|Any CPU.Build.0 = Release|Any CPU
		{F62A0251-85E2-4E4D-A009-0BF3F3FBCE9B}.Debug|Any CPU.ActiveCfg = Debug|Any CPU
		{F62A0251-85E2-4E4D-A009-0BF3F3FBCE9B}.Debug|Any CPU.Build.0 = Debug|Any CPU
		{F62A0251-85E2-4E4D-A009-0BF3F3FBCE9B}.Release|Any CPU.ActiveCfg = Release|Any CPU
		{F62A0251-85E2-4E4D-A009-0BF3F3FBCE9B}.Release|Any CPU.Build.0 = Release|Any CPU
		{7F5D6C6D-0AF3-43D9-B51A-FF1F16A085A2}.Debug|Any CPU.ActiveCfg = Debug|Any CPU
		{7F5D6C6D-0AF3-43D9-B51A-FF1F16A085A2}.Debug|Any CPU.Build.0 = Debug|Any CPU
		{7F5D6C6D-0AF3-43D9-B51A-FF1F16A085A2}.Release|Any CPU.ActiveCfg = Release|Any CPU
		{7F5D6C6D-0AF3-43D9-B51A-FF1F16A085A2}.Release|Any CPU.Build.0 = Release|Any CPU
		{6A17EFF7-1EBB-41B0-8EA4-D14D7FBA163A}.Debug|Any CPU.ActiveCfg = Debug|Any CPU
		{6A17EFF7-1EBB-41B0-8EA4-D14D7FBA163A}.Debug|Any CPU.Build.0 = Debug|Any CPU
		{6A17EFF7-1EBB-41B0-8EA4-D14D7FBA163A}.Release|Any CPU.ActiveCfg = Release|Any CPU
		{6A17EFF7-1EBB-41B0-8EA4-D14D7FBA163A}.Release|Any CPU.Build.0 = Release|Any CPU
		{8FD0DA9B-66A8-43AB-B7B0-85C48735CEFA}.Debug|Any CPU.ActiveCfg = Debug|Any CPU
		{8FD0DA9B-66A8-43AB-B7B0-85C48735CEFA}.Debug|Any CPU.Build.0 = Debug|Any CPU
		{8FD0DA9B-66A8-43AB-B7B0-85C48735CEFA}.Release|Any CPU.ActiveCfg = Release|Any CPU
		{8FD0DA9B-66A8-43AB-B7B0-85C48735CEFA}.Release|Any CPU.Build.0 = Release|Any CPU
	EndGlobalSection
	GlobalSection(SolutionProperties) = preSolution
		HideSolutionNode = FALSE
	EndGlobalSection
	GlobalSection(NestedProjects) = preSolution
		{42161E55-B344-4E3D-B805-F3229216C842} = {F4068B94-1E1F-4218-90EF-EF243D04AD39}
		{D362AD83-F94C-4E42-9E28-2039D96E4C4B} = {F4068B94-1E1F-4218-90EF-EF243D04AD39}
		{ADD171E0-2DB5-4152-9103-63E20A21F10C} = {F4068B94-1E1F-4218-90EF-EF243D04AD39}
		{AAED2B47-2D0B-4A74-A3EC-4752325FDB2C} = {42161E55-B344-4E3D-B805-F3229216C842}
		{70A89269-66A7-415A-8EE2-EEC263C17408} = {42161E55-B344-4E3D-B805-F3229216C842}
		{BC1ACBE2-5294-4A07-AF83-F54107FC86C4} = {ADD171E0-2DB5-4152-9103-63E20A21F10C}
		{F62A0251-85E2-4E4D-A009-0BF3F3FBCE9B} = {D362AD83-F94C-4E42-9E28-2039D96E4C4B}
		{7F5D6C6D-0AF3-43D9-B51A-FF1F16A085A2} = {1CDB24F3-A667-400A-B1CD-20CAA368CE78}
		{6A17EFF7-1EBB-41B0-8EA4-D14D7FBA163A} = {81310325-5E9C-45A9-9D61-4502303B90DA}
		{8FD0DA9B-66A8-43AB-B7B0-85C48735CEFA} = {81310325-5E9C-45A9-9D61-4502303B90DA}
		{01F9E10D-775F-4750-8CEE-66B33EF31653} = {F4068B94-1E1F-4218-90EF-EF243D04AD39}
	EndGlobalSection
	GlobalSection(ExtensibilityGlobals) = postSolution
		SolutionGuid = {2011F877-892A-40F0-BDE4-26FF30FA762B}
	EndGlobalSection
EndGlobal
